{
  "name": "hyperhtml-carousel",
  "version": "0.0.1",
  "lockfileVersion": 1,
  "requires": true,
  "dependencies": {
    "hyperhtml": {
      "version": "1.11.2",
      "resolved": "https://registry.npmjs.org/hyperhtml/-/hyperhtml-1.11.2.tgz",
      "integrity": "sha512-f8Dcu38TVf1SNHSJVx8e2rizRO8YDHNxd1I+jDYZKH0nIBCtQ8dJyioAsCNt9vMNql6uUjlmRpNy5gG1AQoh8g=="
    }
  }
}
